// !$*UTF8*$!
{
	archiveVersion = 1;
	classes = {
	};
	objectVersion = 50;
	objects = {

/* Begin PBXBuildFile section */
		1EB374D8217318CB00FAE9C4 /* HomeViewController.swift in Sources */ = {isa = PBXBuildFile; fileRef = 1EB374D7217318CB00FAE9C4 /* HomeViewController.swift */; };
		1EB374DB217318F800FAE9C4 /* TransactionEntryCell.swift in Sources */ = {isa = PBXBuildFile; fileRef = 1EB374D9217318F800FAE9C4 /* TransactionEntryCell.swift */; };
		1EB374DC217318F800FAE9C4 /* TransactionEntryCell.xib in Resources */ = {isa = PBXBuildFile; fileRef = 1EB374DA217318F800FAE9C4 /* TransactionEntryCell.xib */; };
		3EBB2DD25BEDBCF3B73079F8 /* Pods_comfiUITests.framework in Frameworks */ = {isa = PBXBuildFile; fileRef = 66C68658F486F624B6CA44F0 /* Pods_comfiUITests.framework */; };
		899D7D84DCD9153B19C846C2 /* Pods_comfiTests.framework in Frameworks */ = {isa = PBXBuildFile; fileRef = 8827AFB2D9A10084932C4FCF /* Pods_comfiTests.framework */; };
		C712AE1F2172DB7F004FE646 /* FBLoginViewController.swift in Sources */ = {isa = PBXBuildFile; fileRef = C712AE1E2172DB7F004FE646 /* FBLoginViewController.swift */; };
		C712AE222172F44A004FE646 /* GV.swift in Sources */ = {isa = PBXBuildFile; fileRef = C712AE212172F44A004FE646 /* GV.swift */; };
		C712AE242172F46C004FE646 /* User.swift in Sources */ = {isa = PBXBuildFile; fileRef = C712AE232172F46C004FE646 /* User.swift */; };
		C712AE262172F4E2004FE646 /* GraphTesterViewController.swift in Sources */ = {isa = PBXBuildFile; fileRef = C712AE252172F4E2004FE646 /* GraphTesterViewController.swift */; };
		C712AE282172F7BC004FE646 /* Transaction.swift in Sources */ = {isa = PBXBuildFile; fileRef = C712AE272172F7BC004FE646 /* Transaction.swift */; };
		C743926D219283FD00DB677E /* LearnViewController.swift in Sources */ = {isa = PBXBuildFile; fileRef = C743926C219283FD00DB677E /* LearnViewController.swift */; };
		C743926F2192AD8D00DB677E /* TransactionsViewController.swift in Sources */ = {isa = PBXBuildFile; fileRef = C743926E2192AD8D00DB677E /* TransactionsViewController.swift */; };
		C743E03B2173361F00EBF005 /* GroupViewController.swift in Sources */ = {isa = PBXBuildFile; fileRef = C743E03A2173361F00EBF005 /* GroupViewController.swift */; };
		C743E03E217336AC00EBF005 /* CompetitorTableViewCell.swift in Sources */ = {isa = PBXBuildFile; fileRef = C743E03C217336AC00EBF005 /* CompetitorTableViewCell.swift */; };
		C743E03F217336AC00EBF005 /* CompetitorTableViewCell.xib in Resources */ = {isa = PBXBuildFile; fileRef = C743E03D217336AC00EBF005 /* CompetitorTableViewCell.xib */; };
		C743E04121737A5900EBF005 /* NetworkManager.swift in Sources */ = {isa = PBXBuildFile; fileRef = C743E04021737A5900EBF005 /* NetworkManager.swift */; };
		C75EF27D2172AF15004461D9 /* AppDelegate.swift in Sources */ = {isa = PBXBuildFile; fileRef = C75EF27C2172AF15004461D9 /* AppDelegate.swift */; };
		C75EF27F2172AF15004461D9 /* ViewController.swift in Sources */ = {isa = PBXBuildFile; fileRef = C75EF27E2172AF15004461D9 /* ViewController.swift */; };
		C75EF2822172AF15004461D9 /* Main.storyboard in Resources */ = {isa = PBXBuildFile; fileRef = C75EF2802172AF15004461D9 /* Main.storyboard */; };
		C75EF2842172AF17004461D9 /* Assets.xcassets in Resources */ = {isa = PBXBuildFile; fileRef = C75EF2832172AF17004461D9 /* Assets.xcassets */; };
		C75EF2872172AF17004461D9 /* LaunchScreen.storyboard in Resources */ = {isa = PBXBuildFile; fileRef = C75EF2852172AF17004461D9 /* LaunchScreen.storyboard */; };
		C75EF2922172AF17004461D9 /* comfiTests.swift in Sources */ = {isa = PBXBuildFile; fileRef = C75EF2912172AF17004461D9 /* comfiTests.swift */; };
		C75EF29D2172AF17004461D9 /* comfiUITests.swift in Sources */ = {isa = PBXBuildFile; fileRef = C75EF29C2172AF17004461D9 /* comfiUITests.swift */; };
		F99BC14241FBA693650754E6 /* Pods_comfi.framework in Frameworks */ = {isa = PBXBuildFile; fileRef = B623C6C15E9D39EBD039CEE1 /* Pods_comfi.framework */; };
/* End PBXBuildFile section */

/* Begin PBXContainerItemProxy section */
		C75EF28E2172AF17004461D9 /* PBXContainerItemProxy */ = {
			isa = PBXContainerItemProxy;
			containerPortal = C75EF2712172AF15004461D9 /* Project object */;
			proxyType = 1;
			remoteGlobalIDString = C75EF2782172AF15004461D9;
			remoteInfo = comfi;
		};
		C75EF2992172AF17004461D9 /* PBXContainerItemProxy */ = {
			isa = PBXContainerItemProxy;
			containerPortal = C75EF2712172AF15004461D9 /* Project object */;
			proxyType = 1;
			remoteGlobalIDString = C75EF2782172AF15004461D9;
			remoteInfo = comfi;
		};
/* End PBXContainerItemProxy section */

/* Begin PBXFileReference section */
		18C19E3B0444C5B68DC53C36 /* Pods-comfiTests.release.xcconfig */ = {isa = PBXFileReference; includeInIndex = 1; lastKnownFileType = text.xcconfig; name = "Pods-comfiTests.release.xcconfig"; path = "Pods/Target Support Files/Pods-comfiTests/Pods-comfiTests.release.xcconfig"; sourceTree = "<group>"; };
		192AA0B54578E681FDA5FA21 /* Pods-comfi.release.xcconfig */ = {isa = PBXFileReference; includeInIndex = 1; lastKnownFileType = text.xcconfig; name = "Pods-comfi.release.xcconfig"; path = "Pods/Target Support Files/Pods-comfi/Pods-comfi.release.xcconfig"; sourceTree = "<group>"; };
		1EB374D7217318CB00FAE9C4 /* HomeViewController.swift */ = {isa = PBXFileReference; fileEncoding = 4; lastKnownFileType = sourcecode.swift; path = HomeViewController.swift; sourceTree = "<group>"; };
		1EB374D9217318F800FAE9C4 /* TransactionEntryCell.swift */ = {isa = PBXFileReference; fileEncoding = 4; lastKnownFileType = sourcecode.swift; path = TransactionEntryCell.swift; sourceTree = "<group>"; };
		1EB374DA217318F800FAE9C4 /* TransactionEntryCell.xib */ = {isa = PBXFileReference; fileEncoding = 4; lastKnownFileType = file.xib; path = TransactionEntryCell.xib; sourceTree = "<group>"; };
		66C68658F486F624B6CA44F0 /* Pods_comfiUITests.framework */ = {isa = PBXFileReference; explicitFileType = wrapper.framework; includeInIndex = 0; path = Pods_comfiUITests.framework; sourceTree = BUILT_PRODUCTS_DIR; };
		6E84C9B1A2D911FCE18CC262 /* Pods-comfiUITests.release.xcconfig */ = {isa = PBXFileReference; includeInIndex = 1; lastKnownFileType = text.xcconfig; name = "Pods-comfiUITests.release.xcconfig"; path = "Pods/Target Support Files/Pods-comfiUITests/Pods-comfiUITests.release.xcconfig"; sourceTree = "<group>"; };
		70EE3020542E8CAF0ABE8B70 /* Pods-comfiUITests.debug.xcconfig */ = {isa = PBXFileReference; includeInIndex = 1; lastKnownFileType = text.xcconfig; name = "Pods-comfiUITests.debug.xcconfig"; path = "Pods/Target Support Files/Pods-comfiUITests/Pods-comfiUITests.debug.xcconfig"; sourceTree = "<group>"; };
		72692BE903327E60C8596424 /* Pods-comfi.debug.xcconfig */ = {isa = PBXFileReference; includeInIndex = 1; lastKnownFileType = text.xcconfig; name = "Pods-comfi.debug.xcconfig"; path = "Pods/Target Support Files/Pods-comfi/Pods-comfi.debug.xcconfig"; sourceTree = "<group>"; };
		8827AFB2D9A10084932C4FCF /* Pods_comfiTests.framework */ = {isa = PBXFileReference; explicitFileType = wrapper.framework; includeInIndex = 0; path = Pods_comfiTests.framework; sourceTree = BUILT_PRODUCTS_DIR; };
		8DA1BBE882884B215B613025 /* Pods-comfiTests.debug.xcconfig */ = {isa = PBXFileReference; includeInIndex = 1; lastKnownFileType = text.xcconfig; name = "Pods-comfiTests.debug.xcconfig"; path = "Pods/Target Support Files/Pods-comfiTests/Pods-comfiTests.debug.xcconfig"; sourceTree = "<group>"; };
		B623C6C15E9D39EBD039CEE1 /* Pods_comfi.framework */ = {isa = PBXFileReference; explicitFileType = wrapper.framework; includeInIndex = 0; path = Pods_comfi.framework; sourceTree = BUILT_PRODUCTS_DIR; };
		C712AE1E2172DB7F004FE646 /* FBLoginViewController.swift */ = {isa = PBXFileReference; lastKnownFileType = sourcecode.swift; path = FBLoginViewController.swift; sourceTree = "<group>"; wrapsLines = 0; };
		C712AE212172F44A004FE646 /* GV.swift */ = {isa = PBXFileReference; lastKnownFileType = sourcecode.swift; path = GV.swift; sourceTree = "<group>"; };
		C712AE232172F46C004FE646 /* User.swift */ = {isa = PBXFileReference; lastKnownFileType = sourcecode.swift; path = User.swift; sourceTree = "<group>"; };
		C712AE252172F4E2004FE646 /* GraphTesterViewController.swift */ = {isa = PBXFileReference; lastKnownFileType = sourcecode.swift; path = GraphTesterViewController.swift; sourceTree = "<group>"; };
		C712AE272172F7BC004FE646 /* Transaction.swift */ = {isa = PBXFileReference; lastKnownFileType = sourcecode.swift; path = Transaction.swift; sourceTree = "<group>"; };
		C743926C219283FD00DB677E /* LearnViewController.swift */ = {isa = PBXFileReference; lastKnownFileType = sourcecode.swift; path = LearnViewController.swift; sourceTree = "<group>"; };
		C743926E2192AD8D00DB677E /* TransactionsViewController.swift */ = {isa = PBXFileReference; lastKnownFileType = sourcecode.swift; path = TransactionsViewController.swift; sourceTree = "<group>"; };
		C743E03A2173361F00EBF005 /* GroupViewController.swift */ = {isa = PBXFileReference; lastKnownFileType = sourcecode.swift; path = GroupViewController.swift; sourceTree = "<group>"; };
		C743E03C217336AC00EBF005 /* CompetitorTableViewCell.swift */ = {isa = PBXFileReference; lastKnownFileType = sourcecode.swift; path = CompetitorTableViewCell.swift; sourceTree = "<group>"; };
		C743E03D217336AC00EBF005 /* CompetitorTableViewCell.xib */ = {isa = PBXFileReference; lastKnownFileType = file.xib; path = CompetitorTableViewCell.xib; sourceTree = "<group>"; };
		C743E04021737A5900EBF005 /* NetworkManager.swift */ = {isa = PBXFileReference; lastKnownFileType = sourcecode.swift; path = NetworkManager.swift; sourceTree = "<group>"; };
		C75EF2792172AF15004461D9 /* comfi.app */ = {isa = PBXFileReference; explicitFileType = wrapper.application; includeInIndex = 0; path = comfi.app; sourceTree = BUILT_PRODUCTS_DIR; };
		C75EF27C2172AF15004461D9 /* AppDelegate.swift */ = {isa = PBXFileReference; lastKnownFileType = sourcecode.swift; path = AppDelegate.swift; sourceTree = "<group>"; };
		C75EF27E2172AF15004461D9 /* ViewController.swift */ = {isa = PBXFileReference; lastKnownFileType = sourcecode.swift; path = ViewController.swift; sourceTree = "<group>"; };
		C75EF2812172AF15004461D9 /* Base */ = {isa = PBXFileReference; lastKnownFileType = file.storyboard; name = Base; path = Base.lproj/Main.storyboard; sourceTree = "<group>"; };
		C75EF2832172AF17004461D9 /* Assets.xcassets */ = {isa = PBXFileReference; lastKnownFileType = folder.assetcatalog; path = Assets.xcassets; sourceTree = "<group>"; };
		C75EF2862172AF17004461D9 /* Base */ = {isa = PBXFileReference; lastKnownFileType = file.storyboard; name = Base; path = Base.lproj/LaunchScreen.storyboard; sourceTree = "<group>"; };
		C75EF2882172AF17004461D9 /* Info.plist */ = {isa = PBXFileReference; lastKnownFileType = text.plist.xml; path = Info.plist; sourceTree = "<group>"; };
		C75EF28D2172AF17004461D9 /* comfiTests.xctest */ = {isa = PBXFileReference; explicitFileType = wrapper.cfbundle; includeInIndex = 0; path = comfiTests.xctest; sourceTree = BUILT_PRODUCTS_DIR; };
		C75EF2912172AF17004461D9 /* comfiTests.swift */ = {isa = PBXFileReference; lastKnownFileType = sourcecode.swift; path = comfiTests.swift; sourceTree = "<group>"; };
		C75EF2932172AF17004461D9 /* Info.plist */ = {isa = PBXFileReference; lastKnownFileType = text.plist.xml; path = Info.plist; sourceTree = "<group>"; };
		C75EF2982172AF17004461D9 /* comfiUITests.xctest */ = {isa = PBXFileReference; explicitFileType = wrapper.cfbundle; includeInIndex = 0; path = comfiUITests.xctest; sourceTree = BUILT_PRODUCTS_DIR; };
		C75EF29C2172AF17004461D9 /* comfiUITests.swift */ = {isa = PBXFileReference; lastKnownFileType = sourcecode.swift; path = comfiUITests.swift; sourceTree = "<group>"; };
		C75EF29E2172AF17004461D9 /* Info.plist */ = {isa = PBXFileReference; lastKnownFileType = text.plist.xml; path = Info.plist; sourceTree = "<group>"; };
/* End PBXFileReference section */

/* Begin PBXFrameworksBuildPhase section */
		C75EF2762172AF15004461D9 /* Frameworks */ = {
			isa = PBXFrameworksBuildPhase;
			buildActionMask = 2147483647;
			files = (
				F99BC14241FBA693650754E6 /* Pods_comfi.framework in Frameworks */,
			);
			runOnlyForDeploymentPostprocessing = 0;
		};
		C75EF28A2172AF17004461D9 /* Frameworks */ = {
			isa = PBXFrameworksBuildPhase;
			buildActionMask = 2147483647;
			files = (
				899D7D84DCD9153B19C846C2 /* Pods_comfiTests.framework in Frameworks */,
			);
			runOnlyForDeploymentPostprocessing = 0;
		};
		C75EF2952172AF17004461D9 /* Frameworks */ = {
			isa = PBXFrameworksBuildPhase;
			buildActionMask = 2147483647;
			files = (
				3EBB2DD25BEDBCF3B73079F8 /* Pods_comfiUITests.framework in Frameworks */,
			);
			runOnlyForDeploymentPostprocessing = 0;
		};
/* End PBXFrameworksBuildPhase section */

/* Begin PBXGroup section */
		3A34FAC416EB25E971297C2F /* Pods */ = {
			isa = PBXGroup;
			children = (
				72692BE903327E60C8596424 /* Pods-comfi.debug.xcconfig */,
				192AA0B54578E681FDA5FA21 /* Pods-comfi.release.xcconfig */,
				8DA1BBE882884B215B613025 /* Pods-comfiTests.debug.xcconfig */,
				18C19E3B0444C5B68DC53C36 /* Pods-comfiTests.release.xcconfig */,
				70EE3020542E8CAF0ABE8B70 /* Pods-comfiUITests.debug.xcconfig */,
				6E84C9B1A2D911FCE18CC262 /* Pods-comfiUITests.release.xcconfig */,
			);
			name = Pods;
			sourceTree = "<group>";
		};
		525CB1823D8E72A7BD317FED /* Frameworks */ = {
			isa = PBXGroup;
			children = (
				B623C6C15E9D39EBD039CEE1 /* Pods_comfi.framework */,
				8827AFB2D9A10084932C4FCF /* Pods_comfiTests.framework */,
				66C68658F486F624B6CA44F0 /* Pods_comfiUITests.framework */,
			);
			name = Frameworks;
			sourceTree = "<group>";
		};
		C712AE202172F43B004FE646 /* Model */ = {
			isa = PBXGroup;
			children = (
				C712AE212172F44A004FE646 /* GV.swift */,
				C712AE232172F46C004FE646 /* User.swift */,
				C712AE272172F7BC004FE646 /* Transaction.swift */,
			);
			path = Model;
			sourceTree = "<group>";
		};
		C75EF2702172AF15004461D9 = {
			isa = PBXGroup;
			children = (
				C75EF27B2172AF15004461D9 /* comfi */,
				C75EF2902172AF17004461D9 /* comfiTests */,
				C75EF29B2172AF17004461D9 /* comfiUITests */,
				C75EF27A2172AF15004461D9 /* Products */,
				3A34FAC416EB25E971297C2F /* Pods */,
				525CB1823D8E72A7BD317FED /* Frameworks */,
			);
			sourceTree = "<group>";
		};
		C75EF27A2172AF15004461D9 /* Products */ = {
			isa = PBXGroup;
			children = (
				C75EF2792172AF15004461D9 /* comfi.app */,
				C75EF28D2172AF17004461D9 /* comfiTests.xctest */,
				C75EF2982172AF17004461D9 /* comfiUITests.xctest */,
			);
			name = Products;
			sourceTree = "<group>";
		};
		C75EF27B2172AF15004461D9 /* comfi */ = {
			isa = PBXGroup;
			children = (
				C712AE202172F43B004FE646 /* Model */,
				C75EF27C2172AF15004461D9 /* AppDelegate.swift */,
				C75EF27E2172AF15004461D9 /* ViewController.swift */,
				C712AE1E2172DB7F004FE646 /* FBLoginViewController.swift */,
				C743E04021737A5900EBF005 /* NetworkManager.swift */,
				C75EF2802172AF15004461D9 /* Main.storyboard */,
				C743926E2192AD8D00DB677E /* TransactionsViewController.swift */,
				C743926C219283FD00DB677E /* LearnViewController.swift */,
				C743E03A2173361F00EBF005 /* GroupViewController.swift */,
				C743E03C217336AC00EBF005 /* CompetitorTableViewCell.swift */,
				C743E03D217336AC00EBF005 /* CompetitorTableViewCell.xib */,
				1EB374D7217318CB00FAE9C4 /* HomeViewController.swift */,
				1EB374D9217318F800FAE9C4 /* TransactionEntryCell.swift */,
				1EB374DA217318F800FAE9C4 /* TransactionEntryCell.xib */,
				C712AE252172F4E2004FE646 /* GraphTesterViewController.swift */,
				C75EF2832172AF17004461D9 /* Assets.xcassets */,
				C75EF2852172AF17004461D9 /* LaunchScreen.storyboard */,
				C75EF2882172AF17004461D9 /* Info.plist */,
			);
			path = comfi;
			sourceTree = "<group>";
		};
		C75EF2902172AF17004461D9 /* comfiTests */ = {
			isa = PBXGroup;
			children = (
				C75EF2912172AF17004461D9 /* comfiTests.swift */,
				C75EF2932172AF17004461D9 /* Info.plist */,
			);
			path = comfiTests;
			sourceTree = "<group>";
		};
		C75EF29B2172AF17004461D9 /* comfiUITests */ = {
			isa = PBXGroup;
			children = (
				C75EF29C2172AF17004461D9 /* comfiUITests.swift */,
				C75EF29E2172AF17004461D9 /* Info.plist */,
			);
			path = comfiUITests;
			sourceTree = "<group>";
		};
/* End PBXGroup section */

/* Begin PBXNativeTarget section */
		C75EF2782172AF15004461D9 /* comfi */ = {
			isa = PBXNativeTarget;
			buildConfigurationList = C75EF2A12172AF17004461D9 /* Build configuration list for PBXNativeTarget "comfi" */;
			buildPhases = (
				635C1FB390A2F10A0F709816 /* [CP] Check Pods Manifest.lock */,
				C75EF2752172AF15004461D9 /* Sources */,
				C75EF2762172AF15004461D9 /* Frameworks */,
				C75EF2772172AF15004461D9 /* Resources */,
				597C2D70372DAFA02AD98727 /* [CP] Embed Pods Frameworks */,
				C7EA5DCC2172C2C400A30593 /* Prepare For Distribution */,
			);
			buildRules = (
			);
			dependencies = (
			);
			name = comfi;
			productName = comfi;
			productReference = C75EF2792172AF15004461D9 /* comfi.app */;
			productType = "com.apple.product-type.application";
		};
		C75EF28C2172AF17004461D9 /* comfiTests */ = {
			isa = PBXNativeTarget;
			buildConfigurationList = C75EF2A42172AF17004461D9 /* Build configuration list for PBXNativeTarget "comfiTests" */;
			buildPhases = (
				772CC0AACD28315CBF7E758C /* [CP] Check Pods Manifest.lock */,
				C75EF2892172AF17004461D9 /* Sources */,
				C75EF28A2172AF17004461D9 /* Frameworks */,
				C75EF28B2172AF17004461D9 /* Resources */,
			);
			buildRules = (
			);
			dependencies = (
				C75EF28F2172AF17004461D9 /* PBXTargetDependency */,
			);
			name = comfiTests;
			productName = comfiTests;
			productReference = C75EF28D2172AF17004461D9 /* comfiTests.xctest */;
			productType = "com.apple.product-type.bundle.unit-test";
		};
		C75EF2972172AF17004461D9 /* comfiUITests */ = {
			isa = PBXNativeTarget;
			buildConfigurationList = C75EF2A72172AF17004461D9 /* Build configuration list for PBXNativeTarget "comfiUITests" */;
			buildPhases = (
				8E527B4153D2030A3479D3DA /* [CP] Check Pods Manifest.lock */,
				C75EF2942172AF17004461D9 /* Sources */,
				C75EF2952172AF17004461D9 /* Frameworks */,
				C75EF2962172AF17004461D9 /* Resources */,
			);
			buildRules = (
			);
			dependencies = (
				C75EF29A2172AF17004461D9 /* PBXTargetDependency */,
			);
			name = comfiUITests;
			productName = comfiUITests;
			productReference = C75EF2982172AF17004461D9 /* comfiUITests.xctest */;
			productType = "com.apple.product-type.bundle.ui-testing";
		};
/* End PBXNativeTarget section */

/* Begin PBXProject section */
		C75EF2712172AF15004461D9 /* Project object */ = {
			isa = PBXProject;
			attributes = {
				LastSwiftUpdateCheck = 1000;
				LastUpgradeCheck = 1000;
				TargetAttributes = {
					C75EF2782172AF15004461D9 = {
						CreatedOnToolsVersion = 10.0;
					};
					C75EF28C2172AF17004461D9 = {
						CreatedOnToolsVersion = 10.0;
						TestTargetID = C75EF2782172AF15004461D9;
					};
					C75EF2972172AF17004461D9 = {
						CreatedOnToolsVersion = 10.0;
						TestTargetID = C75EF2782172AF15004461D9;
					};
				};
			};
			buildConfigurationList = C75EF2742172AF15004461D9 /* Build configuration list for PBXProject "comfi" */;
			compatibilityVersion = "Xcode 9.3";
			developmentRegion = en;
			hasScannedForEncodings = 0;
			knownRegions = (
				en,
				Base,
			);
			mainGroup = C75EF2702172AF15004461D9;
			productRefGroup = C75EF27A2172AF15004461D9 /* Products */;
			projectDirPath = "";
			projectRoot = "";
			targets = (
				C75EF2782172AF15004461D9 /* comfi */,
				C75EF28C2172AF17004461D9 /* comfiTests */,
				C75EF2972172AF17004461D9 /* comfiUITests */,
			);
		};
/* End PBXProject section */

/* Begin PBXResourcesBuildPhase section */
		C75EF2772172AF15004461D9 /* Resources */ = {
			isa = PBXResourcesBuildPhase;
			buildActionMask = 2147483647;
			files = (
				C743E03F217336AC00EBF005 /* CompetitorTableViewCell.xib in Resources */,
				C75EF2872172AF17004461D9 /* LaunchScreen.storyboard in Resources */,
				1EB374DC217318F800FAE9C4 /* TransactionEntryCell.xib in Resources */,
				C75EF2842172AF17004461D9 /* Assets.xcassets in Resources */,
				C75EF2822172AF15004461D9 /* Main.storyboard in Resources */,
			);
			runOnlyForDeploymentPostprocessing = 0;
		};
		C75EF28B2172AF17004461D9 /* Resources */ = {
			isa = PBXResourcesBuildPhase;
			buildActionMask = 2147483647;
			files = (
			);
			runOnlyForDeploymentPostprocessing = 0;
		};
		C75EF2962172AF17004461D9 /* Resources */ = {
			isa = PBXResourcesBuildPhase;
			buildActionMask = 2147483647;
			files = (
			);
			runOnlyForDeploymentPostprocessing = 0;
		};
/* End PBXResourcesBuildPhase section */

/* Begin PBXShellScriptBuildPhase section */
		597C2D70372DAFA02AD98727 /* [CP] Embed Pods Frameworks */ = {
			isa = PBXShellScriptBuildPhase;
			buildActionMask = 2147483647;
			files = (
			);
			inputPaths = (
				"${SRCROOT}/Pods/Target Support Files/Pods-comfi/Pods-comfi-frameworks.sh",
				"${BUILT_PRODUCTS_DIR}/Bolts/Bolts.framework",
				"${BUILT_PRODUCTS_DIR}/Charts/Charts.framework",
				"${BUILT_PRODUCTS_DIR}/FBSDKCoreKit/FBSDKCoreKit.framework",
				"${BUILT_PRODUCTS_DIR}/FBSDKLoginKit/FBSDKLoginKit.framework",
				"${PODS_ROOT}/Plaid/ios/LinkKit.framework",
			);
			name = "[CP] Embed Pods Frameworks";
			outputPaths = (
				"${TARGET_BUILD_DIR}/${FRAMEWORKS_FOLDER_PATH}/Bolts.framework",
				"${TARGET_BUILD_DIR}/${FRAMEWORKS_FOLDER_PATH}/Charts.framework",
				"${TARGET_BUILD_DIR}/${FRAMEWORKS_FOLDER_PATH}/FBSDKCoreKit.framework",
				"${TARGET_BUILD_DIR}/${FRAMEWORKS_FOLDER_PATH}/FBSDKLoginKit.framework",
				"${TARGET_BUILD_DIR}/${FRAMEWORKS_FOLDER_PATH}/LinkKit.framework",
			);
			runOnlyForDeploymentPostprocessing = 0;
			shellPath = /bin/sh;
			shellScript = "\"${SRCROOT}/Pods/Target Support Files/Pods-comfi/Pods-comfi-frameworks.sh\"\n";
			showEnvVarsInLog = 0;
		};
		635C1FB390A2F10A0F709816 /* [CP] Check Pods Manifest.lock */ = {
			isa = PBXShellScriptBuildPhase;
			buildActionMask = 2147483647;
			files = (
			);
			inputPaths = (
				"${PODS_PODFILE_DIR_PATH}/Podfile.lock",
				"${PODS_ROOT}/Manifest.lock",
			);
			name = "[CP] Check Pods Manifest.lock";
			outputPaths = (
				"$(DERIVED_FILE_DIR)/Pods-comfi-checkManifestLockResult.txt",
			);
			runOnlyForDeploymentPostprocessing = 0;
			shellPath = /bin/sh;
			shellScript = "diff \"${PODS_PODFILE_DIR_PATH}/Podfile.lock\" \"${PODS_ROOT}/Manifest.lock\" > /dev/null\nif [ $? != 0 ] ; then\n    # print error to STDERR\n    echo \"error: The sandbox is not in sync with the Podfile.lock. Run 'pod install' or update your CocoaPods installation.\" >&2\n    exit 1\nfi\n# This output is used by Xcode 'outputs' to avoid re-running this script phase.\necho \"SUCCESS\" > \"${SCRIPT_OUTPUT_FILE_0}\"\n";
			showEnvVarsInLog = 0;
		};
		772CC0AACD28315CBF7E758C /* [CP] Check Pods Manifest.lock */ = {
			isa = PBXShellScriptBuildPhase;
			buildActionMask = 2147483647;
			files = (
			);
			inputPaths = (
				"${PODS_PODFILE_DIR_PATH}/Podfile.lock",
				"${PODS_ROOT}/Manifest.lock",
			);
			name = "[CP] Check Pods Manifest.lock";
			outputPaths = (
				"$(DERIVED_FILE_DIR)/Pods-comfiTests-checkManifestLockResult.txt",
			);
			runOnlyForDeploymentPostprocessing = 0;
			shellPath = /bin/sh;
			shellScript = "diff \"${PODS_PODFILE_DIR_PATH}/Podfile.lock\" \"${PODS_ROOT}/Manifest.lock\" > /dev/null\nif [ $? != 0 ] ; then\n    # print error to STDERR\n    echo \"error: The sandbox is not in sync with the Podfile.lock. Run 'pod install' or update your CocoaPods installation.\" >&2\n    exit 1\nfi\n# This output is used by Xcode 'outputs' to avoid re-running this script phase.\necho \"SUCCESS\" > \"${SCRIPT_OUTPUT_FILE_0}\"\n";
			showEnvVarsInLog = 0;
		};
		8E527B4153D2030A3479D3DA /* [CP] Check Pods Manifest.lock */ = {
			isa = PBXShellScriptBuildPhase;
			buildActionMask = 2147483647;
			files = (
			);
			inputPaths = (
				"${PODS_PODFILE_DIR_PATH}/Podfile.lock",
				"${PODS_ROOT}/Manifest.lock",
			);
			name = "[CP] Check Pods Manifest.lock";
			outputPaths = (
				"$(DERIVED_FILE_DIR)/Pods-comfiUITests-checkManifestLockResult.txt",
			);
			runOnlyForDeploymentPostprocessing = 0;
			shellPath = /bin/sh;
			shellScript = "diff \"${PODS_PODFILE_DIR_PATH}/Podfile.lock\" \"${PODS_ROOT}/Manifest.lock\" > /dev/null\nif [ $? != 0 ] ; then\n    # print error to STDERR\n    echo \"error: The sandbox is not in sync with the Podfile.lock. Run 'pod install' or update your CocoaPods installation.\" >&2\n    exit 1\nfi\n# This output is used by Xcode 'outputs' to avoid re-running this script phase.\necho \"SUCCESS\" > \"${SCRIPT_OUTPUT_FILE_0}\"\n";
			showEnvVarsInLog = 0;
		};
		C7EA5DCC2172C2C400A30593 /* Prepare For Distribution */ = {
			isa = PBXShellScriptBuildPhase;
			buildActionMask = 2147483647;
			files = (
			);
			inputPaths = (
			);
			name = "Prepare For Distribution";
			outputPaths = (
			);
			runOnlyForDeploymentPostprocessing = 0;
			shellPath = /bin/sh;
			shellScript = "LINK_ROOT=${PODS_ROOT:+$PODS_ROOT/Plaid/ios}\ncp \"${LINK_ROOT:-$PROJECT_DIR/..}\"/LinkKit.framework/prepare_for_distribution.sh \"${CODESIGNING_FOLDER_PATH}\"/Frameworks/LinkKit.framework/prepare_for_distribution.sh\n\"${CODESIGNING_FOLDER_PATH}\"/Frameworks/LinkKit.framework/prepare_for_distribution.sh\n";
		};
/* End PBXShellScriptBuildPhase section */

/* Begin PBXSourcesBuildPhase section */
		C75EF2752172AF15004461D9 /* Sources */ = {
			isa = PBXSourcesBuildPhase;
			buildActionMask = 2147483647;
			files = (
				C743926F2192AD8D00DB677E /* TransactionsViewController.swift in Sources */,
				C743E04121737A5900EBF005 /* NetworkManager.swift in Sources */,
				C712AE282172F7BC004FE646 /* Transaction.swift in Sources */,
				C712AE262172F4E2004FE646 /* GraphTesterViewController.swift in Sources */,
				C712AE222172F44A004FE646 /* GV.swift in Sources */,
				1EB374D8217318CB00FAE9C4 /* HomeViewController.swift in Sources */,
				C743926D219283FD00DB677E /* LearnViewController.swift in Sources */,
				C743E03B2173361F00EBF005 /* GroupViewController.swift in Sources */,
				C75EF27F2172AF15004461D9 /* ViewController.swift in Sources */,
				C743E03E217336AC00EBF005 /* CompetitorTableViewCell.swift in Sources */,
				1EB374DB217318F800FAE9C4 /* TransactionEntryCell.swift in Sources */,
				C75EF27D2172AF15004461D9 /* AppDelegate.swift in Sources */,
				C712AE242172F46C004FE646 /* User.swift in Sources */,
				C712AE1F2172DB7F004FE646 /* FBLoginViewController.swift in Sources */,
			);
			runOnlyForDeploymentPostprocessing = 0;
		};
		C75EF2892172AF17004461D9 /* Sources */ = {
			isa = PBXSourcesBuildPhase;
			buildActionMask = 2147483647;
			files = (
				C75EF2922172AF17004461D9 /* comfiTests.swift in Sources */,
			);
			runOnlyForDeploymentPostprocessing = 0;
		};
		C75EF2942172AF17004461D9 /* Sources */ = {
			isa = PBXSourcesBuildPhase;
			buildActionMask = 2147483647;
			files = (
				C75EF29D2172AF17004461D9 /* comfiUITests.swift in Sources */,
			);
			runOnlyForDeploymentPostprocessing = 0;
		};
/* End PBXSourcesBuildPhase section */

/* Begin PBXTargetDependency section */
		C75EF28F2172AF17004461D9 /* PBXTargetDependency */ = {
			isa = PBXTargetDependency;
			target = C75EF2782172AF15004461D9 /* comfi */;
			targetProxy = C75EF28E2172AF17004461D9 /* PBXContainerItemProxy */;
		};
		C75EF29A2172AF17004461D9 /* PBXTargetDependency */ = {
			isa = PBXTargetDependency;
			target = C75EF2782172AF15004461D9 /* comfi */;
			targetProxy = C75EF2992172AF17004461D9 /* PBXContainerItemProxy */;
		};
/* End PBXTargetDependency section */

/* Begin PBXVariantGroup section */
		C75EF2802172AF15004461D9 /* Main.storyboard */ = {
			isa = PBXVariantGroup;
			children = (
				C75EF2812172AF15004461D9 /* Base */,
			);
			name = Main.storyboard;
			sourceTree = "<group>";
		};
		C75EF2852172AF17004461D9 /* LaunchScreen.storyboard */ = {
			isa = PBXVariantGroup;
			children = (
				C75EF2862172AF17004461D9 /* Base */,
			);
			name = LaunchScreen.storyboard;
			sourceTree = "<group>";
		};
/* End PBXVariantGroup section */

/* Begin XCBuildConfiguration section */
		C75EF29F2172AF17004461D9 /* Debug */ = {
			isa = XCBuildConfiguration;
			buildSettings = {
				ALWAYS_SEARCH_USER_PATHS = NO;
				CLANG_ANALYZER_NONNULL = YES;
				CLANG_ANALYZER_NUMBER_OBJECT_CONVERSION = YES_AGGRESSIVE;
				CLANG_CXX_LANGUAGE_STANDARD = "gnu++14";
				CLANG_CXX_LIBRARY = "libc++";
				CLANG_ENABLE_MODULES = YES;
				CLANG_ENABLE_OBJC_ARC = YES;
				CLANG_ENABLE_OBJC_WEAK = YES;
				CLANG_WARN_BLOCK_CAPTURE_AUTORELEASING = YES;
				CLANG_WARN_BOOL_CONVERSION = YES;
				CLANG_WARN_COMMA = YES;
				CLANG_WARN_CONSTANT_CONVERSION = YES;
				CLANG_WARN_DEPRECATED_OBJC_IMPLEMENTATIONS = YES;
				CLANG_WARN_DIRECT_OBJC_ISA_USAGE = YES_ERROR;
				CLANG_WARN_DOCUMENTATION_COMMENTS = YES;
				CLANG_WARN_EMPTY_BODY = YES;
				CLANG_WARN_ENUM_CONVERSION = YES;
				CLANG_WARN_INFINITE_RECURSION = YES;
				CLANG_WARN_INT_CONVERSION = YES;
				CLANG_WARN_NON_LITERAL_NULL_CONVERSION = YES;
				CLANG_WARN_OBJC_IMPLICIT_RETAIN_SELF = YES;
				CLANG_WARN_OBJC_LITERAL_CONVERSION = YES;
				CLANG_WARN_OBJC_ROOT_CLASS = YES_ERROR;
				CLANG_WARN_RANGE_LOOP_ANALYSIS = YES;
				CLANG_WARN_STRICT_PROTOTYPES = YES;
				CLANG_WARN_SUSPICIOUS_MOVE = YES;
				CLANG_WARN_UNGUARDED_AVAILABILITY = YES_AGGRESSIVE;
				CLANG_WARN_UNREACHABLE_CODE = YES;
				CLANG_WARN__DUPLICATE_METHOD_MATCH = YES;
				CODE_SIGN_IDENTITY = "iPhone Developer";
				COPY_PHASE_STRIP = NO;
				DEBUG_INFORMATION_FORMAT = dwarf;
				ENABLE_STRICT_OBJC_MSGSEND = YES;
				ENABLE_TESTABILITY = YES;
				GCC_C_LANGUAGE_STANDARD = gnu11;
				GCC_DYNAMIC_NO_PIC = NO;
				GCC_NO_COMMON_BLOCKS = YES;
				GCC_OPTIMIZATION_LEVEL = 0;
				GCC_PREPROCESSOR_DEFINITIONS = (
					"DEBUG=1",
					"$(inherited)",
				);
				GCC_WARN_64_TO_32_BIT_CONVERSION = YES;
				GCC_WARN_ABOUT_RETURN_TYPE = YES_ERROR;
				GCC_WARN_UNDECLARED_SELECTOR = YES;
				GCC_WARN_UNINITIALIZED_AUTOS = YES_AGGRESSIVE;
				GCC_WARN_UNUSED_FUNCTION = YES;
				GCC_WARN_UNUSED_VARIABLE = YES;
				IPHONEOS_DEPLOYMENT_TARGET = 12.0;
				MTL_ENABLE_DEBUG_INFO = INCLUDE_SOURCE;
				MTL_FAST_MATH = YES;
				ONLY_ACTIVE_ARCH = YES;
				SDKROOT = iphoneos;
				SWIFT_ACTIVE_COMPILATION_CONDITIONS = DEBUG;
				SWIFT_OPTIMIZATION_LEVEL = "-Onone";
			};
			name = Debug;
		};
		C75EF2A02172AF17004461D9 /* Release */ = {
			isa = XCBuildConfiguration;
			buildSettings = {
				ALWAYS_SEARCH_USER_PATHS = NO;
				CLANG_ANALYZER_NONNULL = YES;
				CLANG_ANALYZER_NUMBER_OBJECT_CONVERSION = YES_AGGRESSIVE;
				CLANG_CXX_LANGUAGE_STANDARD = "gnu++14";
				CLANG_CXX_LIBRARY = "libc++";
				CLANG_ENABLE_MODULES = YES;
				CLANG_ENABLE_OBJC_ARC = YES;
				CLANG_ENABLE_OBJC_WEAK = YES;
				CLANG_WARN_BLOCK_CAPTURE_AUTORELEASING = YES;
				CLANG_WARN_BOOL_CONVERSION = YES;
				CLANG_WARN_COMMA = YES;
				CLANG_WARN_CONSTANT_CONVERSION = YES;
				CLANG_WARN_DEPRECATED_OBJC_IMPLEMENTATIONS = YES;
				CLANG_WARN_DIRECT_OBJC_ISA_USAGE = YES_ERROR;
				CLANG_WARN_DOCUMENTATION_COMMENTS = YES;
				CLANG_WARN_EMPTY_BODY = YES;
				CLANG_WARN_ENUM_CONVERSION = YES;
				CLANG_WARN_INFINITE_RECURSION = YES;
				CLANG_WARN_INT_CONVERSION = YES;
				CLANG_WARN_NON_LITERAL_NULL_CONVERSION = YES;
				CLANG_WARN_OBJC_IMPLICIT_RETAIN_SELF = YES;
				CLANG_WARN_OBJC_LITERAL_CONVERSION = YES;
				CLANG_WARN_OBJC_ROOT_CLASS = YES_ERROR;
				CLANG_WARN_RANGE_LOOP_ANALYSIS = YES;
				CLANG_WARN_STRICT_PROTOTYPES = YES;
				CLANG_WARN_SUSPICIOUS_MOVE = YES;
				CLANG_WARN_UNGUARDED_AVAILABILITY = YES_AGGRESSIVE;
				CLANG_WARN_UNREACHABLE_CODE = YES;
				CLANG_WARN__DUPLICATE_METHOD_MATCH = YES;
				CODE_SIGN_IDENTITY = "iPhone Developer";
				COPY_PHASE_STRIP = NO;
				DEBUG_INFORMATION_FORMAT = "dwarf-with-dsym";
				ENABLE_NS_ASSERTIONS = NO;
				ENABLE_STRICT_OBJC_MSGSEND = YES;
				GCC_C_LANGUAGE_STANDARD = gnu11;
				GCC_NO_COMMON_BLOCKS = YES;
				GCC_WARN_64_TO_32_BIT_CONVERSION = YES;
				GCC_WARN_ABOUT_RETURN_TYPE = YES_ERROR;
				GCC_WARN_UNDECLARED_SELECTOR = YES;
				GCC_WARN_UNINITIALIZED_AUTOS = YES_AGGRESSIVE;
				GCC_WARN_UNUSED_FUNCTION = YES;
				GCC_WARN_UNUSED_VARIABLE = YES;
				IPHONEOS_DEPLOYMENT_TARGET = 12.0;
				MTL_ENABLE_DEBUG_INFO = NO;
				MTL_FAST_MATH = YES;
				SDKROOT = iphoneos;
				SWIFT_COMPILATION_MODE = wholemodule;
				SWIFT_OPTIMIZATION_LEVEL = "-O";
				VALIDATE_PRODUCT = YES;
			};
			name = Release;
		};
		C75EF2A22172AF17004461D9 /* Debug */ = {
			isa = XCBuildConfiguration;
			baseConfigurationReference = 72692BE903327E60C8596424 /* Pods-comfi.debug.xcconfig */;
			buildSettings = {
				ASSETCATALOG_COMPILER_APPICON_NAME = AppIcon;
				CODE_SIGN_STYLE = Automatic;
				DEVELOPMENT_TEAM = V4AH655C9C;
				INFOPLIST_FILE = comfi/Info.plist;
				IPHONEOS_DEPLOYMENT_TARGET = 11.4;
				LD_RUNPATH_SEARCH_PATHS = (
					"$(inherited)",
					"@executable_path/Frameworks",
				);
				PRODUCT_BUNDLE_IDENTIFIER = com.comfiapp.comfi;
				PRODUCT_NAME = "$(TARGET_NAME)";
				SWIFT_VERSION = 4.2;
				TARGETED_DEVICE_FAMILY = "1,2";
			};
			name = Debug;
		};
		C75EF2A32172AF17004461D9 /* Release */ = {
			isa = XCBuildConfiguration;
			baseConfigurationReference = 192AA0B54578E681FDA5FA21 /* Pods-comfi.release.xcconfig */;
			buildSettings = {
				ASSETCATALOG_COMPILER_APPICON_NAME = AppIcon;
				CODE_SIGN_STYLE = Automatic;
				DEVELOPMENT_TEAM = V4AH655C9C;
				INFOPLIST_FILE = comfi/Info.plist;
				IPHONEOS_DEPLOYMENT_TARGET = 11.4;
				LD_RUNPATH_SEARCH_PATHS = (
					"$(inherited)",
					"@executable_path/Frameworks",
				);
				PRODUCT_BUNDLE_IDENTIFIER = com.comfiapp.comfi;
				PRODUCT_NAME = "$(TARGET_NAME)";
				SWIFT_VERSION = 4.2;
				TARGETED_DEVICE_FAMILY = "1,2";
			};
			name = Release;
		};
		C75EF2A52172AF17004461D9 /* Debug */ = {
			isa = XCBuildConfiguration;
			baseConfigurationReference = 8DA1BBE882884B215B613025 /* Pods-comfiTests.debug.xcconfig */;
			buildSettings = {
				ALWAYS_EMBED_SWIFT_STANDARD_LIBRARIES = YES;
				BUNDLE_LOADER = "$(TEST_HOST)";
				CODE_SIGN_STYLE = Automatic;
				DEVELOPMENT_TEAM = V4AH655C9C;
				INFOPLIST_FILE = comfiTests/Info.plist;
				LD_RUNPATH_SEARCH_PATHS = (
					"$(inherited)",
					"@executable_path/Frameworks",
					"@loader_path/Frameworks",
				);
				PRODUCT_BUNDLE_IDENTIFIER = com.comfiapp.comfiTests;
				PRODUCT_NAME = "$(TARGET_NAME)";
				SWIFT_VERSION = 4.2;
				TARGETED_DEVICE_FAMILY = "1,2";
				TEST_HOST = "$(BUILT_PRODUCTS_DIR)/comfi.app/comfi";
			};
			name = Debug;
		};
		C75EF2A62172AF17004461D9 /* Release */ = {
			isa = XCBuildConfiguration;
			baseConfigurationReference = 18C19E3B0444C5B68DC53C36 /* Pods-comfiTests.release.xcconfig */;
			buildSettings = {
				ALWAYS_EMBED_SWIFT_STANDARD_LIBRARIES = YES;
				BUNDLE_LOADER = "$(TEST_HOST)";
				CODE_SIGN_STYLE = Automatic;
				DEVELOPMENT_TEAM = V4AH655C9C;
				INFOPLIST_FILE = comfiTests/Info.plist;
				LD_RUNPATH_SEARCH_PATHS = (
					"$(inherited)",
					"@executable_path/Frameworks",
					"@loader_path/Frameworks",
				);
				PRODUCT_BUNDLE_IDENTIFIER = com.comfiapp.comfiTests;
				PRODUCT_NAME = "$(TARGET_NAME)";
				SWIFT_VERSION = 4.2;
				TARGETED_DEVICE_FAMILY = "1,2";
				TEST_HOST = "$(BUILT_PRODUCTS_DIR)/comfi.app/comfi";
			};
			name = Release;
		};
		C75EF2A82172AF17004461D9 /* Debug */ = {
			isa = XCBuildConfiguration;
			baseConfigurationReference = 70EE3020542E8CAF0ABE8B70 /* Pods-comfiUITests.debug.xcconfig */;
			buildSettings = {
				ALWAYS_EMBED_SWIFT_STANDARD_LIBRARIES = YES;
				CODE_SIGN_STYLE = Automatic;
				DEVELOPMENT_TEAM = V4AH655C9C;
				INFOPLIST_FILE = comfiUITests/Info.plist;
				LD_RUNPATH_SEARCH_PATHS = (
					"$(inherited)",
					"@executable_path/Frameworks",
					"@loader_path/Frameworks",
				);
				PRODUCT_BUNDLE_IDENTIFIER = com.comfiapp.comfiUITests;
				PRODUCT_NAME = "$(TARGET_NAME)";
				SWIFT_VERSION = 4.2;
				TARGETED_DEVICE_FAMILY = "1,2";
				TEST_TARGET_NAME = comfi;
			};
			name = Debug;
		};
		C75EF2A92172AF17004461D9 /* Release */ = {
			isa = XCBuildConfiguration;
			baseConfigurationReference = 6E84C9B1A2D911FCE18CC262 /* Pods-comfiUITests.release.xcconfig */;
			buildSettings = {
				ALWAYS_EMBED_SWIFT_STANDARD_LIBRARIES = YES;
				CODE_SIGN_STYLE = Automatic;
				DEVELOPMENT_TEAM = V4AH655C9C;
				INFOPLIST_FILE = comfiUITests/Info.plist;
				LD_RUNPATH_SEARCH_PATHS = (
					"$(inherited)",
					"@executable_path/Frameworks",
					"@loader_path/Frameworks",
				);
				PRODUCT_BUNDLE_IDENTIFIER = com.comfiapp.comfiUITests;
				PRODUCT_NAME = "$(TARGET_NAME)";
				SWIFT_VERSION = 4.2;
				TARGETED_DEVICE_FAMILY = "1,2";
				TEST_TARGET_NAME = comfi;
			};
			name = Release;
		};
/* End XCBuildConfiguration section */

/* Begin XCConfigurationList section */
		C75EF2742172AF15004461D9 /* Build configuration list for PBXProject "comfi" */ = {
			isa = XCConfigurationList;
			buildConfigurations = (
				C75EF29F2172AF17004461D9 /* Debug */,
				C75EF2A02172AF17004461D9 /* Release */,
			);
			defaultConfigurationIsVisible = 0;
			defaultConfigurationName = Release;
		};
		C75EF2A12172AF17004461D9 /* Build configuration list for PBXNativeTarget "comfi" */ = {
			isa = XCConfigurationList;
			buildConfigurations = (
				C75EF2A22172AF17004461D9 /* Debug */,
				C75EF2A32172AF17004461D9 /* Release */,
			);
			defaultConfigurationIsVisible = 0;
			defaultConfigurationName = Release;
		};
		C75EF2A42172AF17004461D9 /* Build configuration list for PBXNativeTarget "comfiTests" */ = {
			isa = XCConfigurationList;
			buildConfigurations = (
				C75EF2A52172AF17004461D9 /* Debug */,
				C75EF2A62172AF17004461D9 /* Release */,
			);
			defaultConfigurationIsVisible = 0;
			defaultConfigurationName = Release;
		};
		C75EF2A72172AF17004461D9 /* Build configuration list for PBXNativeTarget "comfiUITests" */ = {
			isa = XCConfigurationList;
			buildConfigurations = (
				C75EF2A82172AF17004461D9 /* Debug */,
				C75EF2A92172AF17004461D9 /* Release */,
			);
			defaultConfigurationIsVisible = 0;
			defaultConfigurationName = Release;
		};
/* End XCConfigurationList section */
	};
	rootObject = C75EF2712172AF15004461D9 /* Project object */;
}
